
Microsoft Visual Studio Solution File, Format Version 12.00
# Visual Studio Version 16
VisualStudioVersion = 16.0.32106.194
MinimumVisualStudioVersion = 10.0.40219.1
Project("{FAE04EC0-301F-11D3-BF4B-00C04F79EFBC}") = "VusalTaskBook", "VusalTaskBook.csproj", "{963716C0-6C66-4E57-B8A9-6B24F7D852A1}"
EndProject
Global
	GlobalSection(SolutionConfigurationPlatforms) = preSolution
		Debug|Any CPU = Debug|Any CPU
		Release|Any CPU = Release|Any CPU
	EndGlobalSection
	GlobalSection(ProjectConfigurationPlatforms) = postSolution
		{963716C0-6C66-4E57-B8A9-6B24F7D852A1}.Debug|Any CPU.ActiveCfg = Debug|Any CPU
		{963716C0-6C66-4E57-B8A9-6B24F7D852A1}.Debug|Any CPU.Build.0 = Debug|Any CPU
		{963716C0-6C66-4E57-B8A9-6B24F7D852A1}.Release|Any CPU.ActiveCfg = Release|Any CPU
		{963716C0-6C66-4E57-B8A9-6B24F7D852A1}.Release|Any CPU.Build.0 = Release|Any CPU
	EndGlobalSection
	GlobalSection(SolutionProperties) = preSolution
		HideSolutionNode = FALSE
	EndGlobalSection
	GlobalSection(ExtensibilityGlobals) = postSolution
		SolutionGuid = {A7C10A56-8B57-4F4D-B7F6-5F104D00F85F}
	EndGlobalSection
EndGlobal
